# THIS IS AN AUTOGENERATED FILE. DO NOT EDIT THIS FILE DIRECTLY.
# yarn lockfile v1


excalibur@^0.24.5:
  version "0.24.5"
  resolved "https://registry.yarnpkg.com/excalibur/-/excalibur-0.24.5.tgz#55b996c2e162c1b4464c2654832dd85de29324ac"
  integrity sha512-fFgwDqv59eIbP2L+aRop30azu9v8liUQBABkisvI3ZqKRi/DJrhV1ScIEMEqLLsDvUlj3GOGhGrZmN5IghlNyQ==
